// !$*UTF8*$!
{
	archiveVersion = 1;
	classes = {
	};
	objectVersion = 50;
	objects = {

/* Begin PBXBuildFile section */
		1897CBF024DCD4CD00B85DD4 /* WebView.swift in Sources */ = {isa = PBXBuildFile; fileRef = 1897CBEF24DCD4CD00B85DD4 /* WebView.swift */; };
		18AF0D0724D8E56600A8B36F /* AppDelegate.swift in Sources */ = {isa = PBXBuildFile; fileRef = 18AF0D0624D8E56600A8B36F /* AppDelegate.swift */; };
		18AF0D0924D8E56600A8B36F /* SceneDelegate.swift in Sources */ = {isa = PBXBuildFile; fileRef = 18AF0D0824D8E56600A8B36F /* SceneDelegate.swift */; };
		18AF0D0C24D8E56600A8B36F /* NewsReader.xcdatamodeld in Sources */ = {isa = PBXBuildFile; fileRef = 18AF0D0A24D8E56600A8B36F /* NewsReader.xcdatamodeld */; };
		18AF0D0E24D8E56600A8B36F /* ContentView.swift in Sources */ = {isa = PBXBuildFile; fileRef = 18AF0D0D24D8E56600A8B36F /* ContentView.swift */; };
		18AF0D1024D8E56800A8B36F /* Assets.xcassets in Resources */ = {isa = PBXBuildFile; fileRef = 18AF0D0F24D8E56800A8B36F /* Assets.xcassets */; };
		18AF0D1324D8E56900A8B36F /* Preview Assets.xcassets in Resources */ = {isa = PBXBuildFile; fileRef = 18AF0D1224D8E56900A8B36F /* Preview Assets.xcassets */; };
		18AF0D1624D8E56900A8B36F /* LaunchScreen.storyboard in Resources */ = {isa = PBXBuildFile; fileRef = 18AF0D1424D8E56900A8B36F /* LaunchScreen.storyboard */; };
		18AF0D2124D8E56900A8B36F /* NewsReaderTests.swift in Sources */ = {isa = PBXBuildFile; fileRef = 18AF0D2024D8E56900A8B36F /* NewsReaderTests.swift */; };
		18AF0D3024D8E81D00A8B36F /* ArticleList.swift in Sources */ = {isa = PBXBuildFile; fileRef = 18AF0D2F24D8E81D00A8B36F /* ArticleList.swift */; };
		18AF0D3324D8E88300A8B36F /* Article+CoreDataClass.swift in Sources */ = {isa = PBXBuildFile; fileRef = 18AF0D3124D8E88300A8B36F /* Article+CoreDataClass.swift */; };
		18AF0D3424D8E88300A8B36F /* Article+CoreDataProperties.swift in Sources */ = {isa = PBXBuildFile; fileRef = 18AF0D3224D8E88300A8B36F /* Article+CoreDataProperties.swift */; };
/* End PBXBuildFile section */

/* Begin PBXContainerItemProxy section */
		18AF0D1D24D8E56900A8B36F /* PBXContainerItemProxy */ = {
			isa = PBXContainerItemProxy;
			containerPortal = 18AF0CFB24D8E56600A8B36F /* Project object */;
			proxyType = 1;
			remoteGlobalIDString = 18AF0D0224D8E56600A8B36F;
			remoteInfo = NewsReader;
		};
/* End PBXContainerItemProxy section */

/* Begin PBXFileReference section */
		1897CBEF24DCD4CD00B85DD4 /* WebView.swift */ = {isa = PBXFileReference; lastKnownFileType = sourcecode.swift; path = WebView.swift; sourceTree = "<group>"; };
		18AF0D0324D8E56600A8B36F /* NewsReader.app */ = {isa = PBXFileReference; explicitFileType = wrapper.application; includeInIndex = 0; path = NewsReader.app; sourceTree = BUILT_PRODUCTS_DIR; };
		18AF0D0624D8E56600A8B36F /* AppDelegate.swift */ = {isa = PBXFileReference; lastKnownFileType = sourcecode.swift; path = AppDelegate.swift; sourceTree = "<group>"; };
		18AF0D0824D8E56600A8B36F /* SceneDelegate.swift */ = {isa = PBXFileReference; lastKnownFileType = sourcecode.swift; path = SceneDelegate.swift; sourceTree = "<group>"; };
		18AF0D0B24D8E56600A8B36F /* NewsReader.xcdatamodel */ = {isa = PBXFileReference; lastKnownFileType = wrapper.xcdatamodel; path = NewsReader.xcdatamodel; sourceTree = "<group>"; };
		18AF0D0D24D8E56600A8B36F /* ContentView.swift */ = {isa = PBXFileReference; lastKnownFileType = sourcecode.swift; path = ContentView.swift; sourceTree = "<group>"; };
		18AF0D0F24D8E56800A8B36F /* Assets.xcassets */ = {isa = PBXFileReference; lastKnownFileType = folder.assetcatalog; path = Assets.xcassets; sourceTree = "<group>"; };
		18AF0D1224D8E56900A8B36F /* Preview Assets.xcassets */ = {isa = PBXFileReference; lastKnownFileType = folder.assetcatalog; path = "Preview Assets.xcassets"; sourceTree = "<group>"; };
		18AF0D1524D8E56900A8B36F /* Base */ = {isa = PBXFileReference; lastKnownFileType = file.storyboard; name = Base; path = Base.lproj/LaunchScreen.storyboard; sourceTree = "<group>"; };
		18AF0D1724D8E56900A8B36F /* Info.plist */ = {isa = PBXFileReference; lastKnownFileType = text.plist.xml; path = Info.plist; sourceTree = "<group>"; };
		18AF0D1C24D8E56900A8B36F /* NewsReaderTests.xctest */ = {isa = PBXFileReference; explicitFileType = wrapper.cfbundle; includeInIndex = 0; path = NewsReaderTests.xctest; sourceTree = BUILT_PRODUCTS_DIR; };
		18AF0D2024D8E56900A8B36F /* NewsReaderTests.swift */ = {isa = PBXFileReference; lastKnownFileType = sourcecode.swift; path = NewsReaderTests.swift; sourceTree = "<group>"; };
		18AF0D2224D8E56900A8B36F /* Info.plist */ = {isa = PBXFileReference; lastKnownFileType = text.plist.xml; path = Info.plist; sourceTree = "<group>"; };
		18AF0D2F24D8E81D00A8B36F /* ArticleList.swift */ = {isa = PBXFileReference; lastKnownFileType = sourcecode.swift; path = ArticleList.swift; sourceTree = "<group>"; };
		18AF0D3124D8E88300A8B36F /* Article+CoreDataClass.swift */ = {isa = PBXFileReference; lastKnownFileType = sourcecode.swift; path = "Article+CoreDataClass.swift"; sourceTree = SOURCE_ROOT; };
		18AF0D3224D8E88300A8B36F /* Article+CoreDataProperties.swift */ = {isa = PBXFileReference; lastKnownFileType = sourcecode.swift; path = "Article+CoreDataProperties.swift"; sourceTree = SOURCE_ROOT; };
/* End PBXFileReference section */

/* Begin PBXFrameworksBuildPhase section */
		18AF0D0024D8E56600A8B36F /* Frameworks */ = {
			isa = PBXFrameworksBuildPhase;
			buildActionMask = 2147483647;
			files = (
			);
			runOnlyForDeploymentPostprocessing = 0;
		};
		18AF0D1924D8E56900A8B36F /* Frameworks */ = {
			isa = PBXFrameworksBuildPhase;
			buildActionMask = 2147483647;
			files = (
			);
			runOnlyForDeploymentPostprocessing = 0;
		};
/* End PBXFrameworksBuildPhase section */

/* Begin PBXGroup section */
		18AF0CFA24D8E56600A8B36F = {
			isa = PBXGroup;
			children = (
				18AF0D0524D8E56600A8B36F /* NewsReader */,
				18AF0D1F24D8E56900A8B36F /* NewsReaderTests */,
				18AF0D0424D8E56600A8B36F /* Products */,
			);
			sourceTree = "<group>";
		};
		18AF0D0424D8E56600A8B36F /* Products */ = {
			isa = PBXGroup;
			children = (
				18AF0D0324D8E56600A8B36F /* NewsReader.app */,
				18AF0D1C24D8E56900A8B36F /* NewsReaderTests.xctest */,
			);
			name = Products;
			sourceTree = "<group>";
		};
		18AF0D0524D8E56600A8B36F /* NewsReader */ = {
			isa = PBXGroup;
			children = (
				18AF0D3124D8E88300A8B36F /* Article+CoreDataClass.swift */,
				18AF0D3224D8E88300A8B36F /* Article+CoreDataProperties.swift */,
				18AF0D2F24D8E81D00A8B36F /* ArticleList.swift */,
				18AF0D0624D8E56600A8B36F /* AppDelegate.swift */,
				18AF0D0824D8E56600A8B36F /* SceneDelegate.swift */,
				18AF0D0D24D8E56600A8B36F /* ContentView.swift */,
				1897CBEF24DCD4CD00B85DD4 /* WebView.swift */,
				18AF0D0F24D8E56800A8B36F /* Assets.xcassets */,
				18AF0D1424D8E56900A8B36F /* LaunchScreen.storyboard */,
				18AF0D1724D8E56900A8B36F /* Info.plist */,
				18AF0D0A24D8E56600A8B36F /* NewsReader.xcdatamodeld */,
				18AF0D1124D8E56900A8B36F /* Preview Content */,
			);
			path = NewsReader;
			sourceTree = "<group>";
		};
		18AF0D1124D8E56900A8B36F /* Preview Content */ = {
			isa = PBXGroup;
			children = (
				18AF0D1224D8E56900A8B36F /* Preview Assets.xcassets */,
			);
			path = "Preview Content";
			sourceTree = "<group>";
		};
		18AF0D1F24D8E56900A8B36F /* NewsReaderTests */ = {
			isa = PBXGroup;
			children = (
				18AF0D2024D8E56900A8B36F /* NewsReaderTests.swift */,
				18AF0D2224D8E56900A8B36F /* Info.plist */,
			);
			path = NewsReaderTests;
			sourceTree = "<group>";
		};
/* End PBXGroup section */

/* Begin PBXNativeTarget section */
		18AF0D0224D8E56600A8B36F /* NewsReader */ = {
			isa = PBXNativeTarget;
			buildConfigurationList = 18AF0D2524D8E56900A8B36F /* Build configuration list for PBXNativeTarget "NewsReader" */;
			buildPhases = (
				18AF0CFF24D8E56600A8B36F /* Sources */,
				18AF0D0024D8E56600A8B36F /* Frameworks */,
				18AF0D0124D8E56600A8B36F /* Resources */,
			);
			buildRules = (
			);
			dependencies = (
			);
			name = NewsReader;
			productName = NewsReader;
			productReference = 18AF0D0324D8E56600A8B36F /* NewsReader.app */;
			productType = "com.apple.product-type.application";
		};
		18AF0D1B24D8E56900A8B36F /* NewsReaderTests */ = {
			isa = PBXNativeTarget;
			buildConfigurationList = 18AF0D2824D8E56900A8B36F /* Build configuration list for PBXNativeTarget "NewsReaderTests" */;
			buildPhases = (
				18AF0D1824D8E56900A8B36F /* Sources */,
				18AF0D1924D8E56900A8B36F /* Frameworks */,
				18AF0D1A24D8E56900A8B36F /* Resources */,
			);
			buildRules = (
			);
			dependencies = (
				18AF0D1E24D8E56900A8B36F /* PBXTargetDependency */,
			);
			name = NewsReaderTests;
			productName = NewsReaderTests;
			productReference = 18AF0D1C24D8E56900A8B36F /* NewsReaderTests.xctest */;
			productType = "com.apple.product-type.bundle.unit-test";
		};
/* End PBXNativeTarget section */

/* Begin PBXProject section */
		18AF0CFB24D8E56600A8B36F /* Project object */ = {
			isa = PBXProject;
			attributes = {
				LastSwiftUpdateCheck = 1160;
				LastUpgradeCheck = 1160;
				ORGANIZATIONNAME = "Bartek Ciszkowski";
				TargetAttributes = {
					18AF0D0224D8E56600A8B36F = {
						CreatedOnToolsVersion = 11.6;
					};
					18AF0D1B24D8E56900A8B36F = {
						CreatedOnToolsVersion = 11.6;
						TestTargetID = 18AF0D0224D8E56600A8B36F;
					};
				};
			};
			buildConfigurationList = 18AF0CFE24D8E56600A8B36F /* Build configuration list for PBXProject "NewsReader" */;
			compatibilityVersion = "Xcode 9.3";
			developmentRegion = en;
			hasScannedForEncodings = 0;
			knownRegions = (
				en,
				Base,
			);
			mainGroup = 18AF0CFA24D8E56600A8B36F;
			productRefGroup = 18AF0D0424D8E56600A8B36F /* Products */;
			projectDirPath = "";
			projectRoot = "";
			targets = (
				18AF0D0224D8E56600A8B36F /* NewsReader */,
				18AF0D1B24D8E56900A8B36F /* NewsReaderTests */,
			);
		};
/* End PBXProject section */

/* Begin PBXResourcesBuildPhase section */
		18AF0D0124D8E56600A8B36F /* Resources */ = {
			isa = PBXResourcesBuildPhase;
			buildActionMask = 2147483647;
			files = (
				18AF0D1624D8E56900A8B36F /* LaunchScreen.storyboard in Resources */,
				18AF0D1324D8E56900A8B36F /* Preview Assets.xcassets in Resources */,
				18AF0D1024D8E56800A8B36F /* Assets.xcassets in Resources */,
			);
			runOnlyForDeploymentPostprocessing = 0;
		};
		18AF0D1A24D8E56900A8B36F /* Resources */ = {
			isa = PBXResourcesBuildPhase;
			buildActionMask = 2147483647;
			files = (
			);
			runOnlyForDeploymentPostprocessing = 0;
		};
/* End PBXResourcesBuildPhase section */

/* Begin PBXSourcesBuildPhase section */
		18AF0CFF24D8E56600A8B36F /* Sources */ = {
			isa = PBXSourcesBuildPhase;
			buildActionMask = 2147483647;
			files = (
				18AF0D3324D8E88300A8B36F /* Article+CoreDataClass.swift in Sources */,
				1897CBF024DCD4CD00B85DD4 /* WebView.swift in Sources */,
				18AF0D0C24D8E56600A8B36F /* NewsReader.xcdatamodeld in Sources */,
				18AF0D0724D8E56600A8B36F /* AppDelegate.swift in Sources */,
				18AF0D3024D8E81D00A8B36F /* ArticleList.swift in Sources */,
				18AF0D0E24D8E56600A8B36F /* ContentView.swift in Sources */,
				18AF0D0924D8E56600A8B36F /* SceneDelegate.swift in Sources */,
				18AF0D3424D8E88300A8B36F /* Article+CoreDataProperties.swift in Sources */,
			);
			runOnlyForDeploymentPostprocessing = 0;
		};
		18AF0D1824D8E56900A8B36F /* Sources */ = {
			isa = PBXSourcesBuildPhase;
			buildActionMask = 2147483647;
			files = (
				18AF0D2124D8E56900A8B36F /* NewsReaderTests.swift in Sources */,
			);
			runOnlyForDeploymentPostprocessing = 0;
		};
/* End PBXSourcesBuildPhase section */

/* Begin PBXTargetDependency section */
		18AF0D1E24D8E56900A8B36F /* PBXTargetDependency */ = {
			isa = PBXTargetDependency;
			target = 18AF0D0224D8E56600A8B36F /* NewsReader */;
			targetProxy = 18AF0D1D24D8E56900A8B36F /* PBXContainerItemProxy */;
		};
/* End PBXTargetDependency section */

/* Begin PBXVariantGroup section */
		18AF0D1424D8E56900A8B36F /* LaunchScreen.storyboard */ = {
			isa = PBXVariantGroup;
			children = (
				18AF0D1524D8E56900A8B36F /* Base */,
			);
			name = LaunchScreen.storyboard;
			sourceTree = "<group>";
		};
/* End PBXVariantGroup section */

/* Begin XCBuildConfiguration section */
		18AF0D2324D8E56900A8B36F /* Debug */ = {
			isa = XCBuildConfiguration;
			buildSettings = {
				ALWAYS_SEARCH_USER_PATHS = NO;
				CLANG_ANALYZER_NONNULL = YES;
				CLANG_ANALYZER_NUMBER_OBJECT_CONVERSION = YES_AGGRESSIVE;
				CLANG_CXX_LANGUAGE_STANDARD = "gnu++14";
				CLANG_CXX_LIBRARY = "libc++";
				CLANG_ENABLE_MODULES = YES;
				CLANG_ENABLE_OBJC_ARC = YES;
				CLANG_ENABLE_OBJC_WEAK = YES;
				CLANG_WARN_BLOCK_CAPTURE_AUTORELEASING = YES;
				CLANG_WARN_BOOL_CONVERSION = YES;
				CLANG_WARN_COMMA = YES;
				CLANG_WARN_CONSTANT_CONVERSION = YES;
				CLANG_WARN_DEPRECATED_OBJC_IMPLEMENTATIONS = YES;
				CLANG_WARN_DIRECT_OBJC_ISA_USAGE = YES_ERROR;
				CLANG_WARN_DOCUMENTATION_COMMENTS = YES;
				CLANG_WARN_EMPTY_BODY = YES;
				CLANG_WARN_ENUM_CONVERSION = YES;
				CLANG_WARN_INFINITE_RECURSION = YES;
				CLANG_WARN_INT_CONVERSION = YES;
				CLANG_WARN_NON_LITERAL_NULL_CONVERSION = YES;
				CLANG_WARN_OBJC_IMPLICIT_RETAIN_SELF = YES;
				CLANG_WARN_OBJC_LITERAL_CONVERSION = YES;
				CLANG_WARN_OBJC_ROOT_CLASS = YES_ERROR;
				CLANG_WARN_RANGE_LOOP_ANALYSIS = YES;
				CLANG_WARN_STRICT_PROTOTYPES = YES;
				CLANG_WARN_SUSPICIOUS_MOVE = YES;
				CLANG_WARN_UNGUARDED_AVAILABILITY = YES_AGGRESSIVE;
				CLANG_WARN_UNREACHABLE_CODE = YES;
				CLANG_WARN__DUPLICATE_METHOD_MATCH = YES;
				COPY_PHASE_STRIP = NO;
				DEBUG_INFORMATION_FORMAT = dwarf;
				ENABLE_STRICT_OBJC_MSGSEND = YES;
				ENABLE_TESTABILITY = YES;
				GCC_C_LANGUAGE_STANDARD = gnu11;
				GCC_DYNAMIC_NO_PIC = NO;
				GCC_NO_COMMON_BLOCKS = YES;
				GCC_OPTIMIZATION_LEVEL = 0;
				GCC_PREPROCESSOR_DEFINITIONS = (
					"DEBUG=1",
					"$(inherited)",
				);
				GCC_WARN_64_TO_32_BIT_CONVERSION = YES;
				GCC_WARN_ABOUT_RETURN_TYPE = YES_ERROR;
				GCC_WARN_UNDECLARED_SELECTOR = YES;
				GCC_WARN_UNINITIALIZED_AUTOS = YES_AGGRESSIVE;
				GCC_WARN_UNUSED_FUNCTION = YES;
				GCC_WARN_UNUSED_VARIABLE = YES;
				IPHONEOS_DEPLOYMENT_TARGET = 13.6;
				MTL_ENABLE_DEBUG_INFO = INCLUDE_SOURCE;
				MTL_FAST_MATH = YES;
				ONLY_ACTIVE_ARCH = YES;
				SDKROOT = iphoneos;
				SWIFT_ACTIVE_COMPILATION_CONDITIONS = DEBUG;
				SWIFT_OPTIMIZATION_LEVEL = "-Onone";
			};
			name = Debug;
		};
		18AF0D2424D8E56900A8B36F /* Release */ = {
			isa = XCBuildConfiguration;
			buildSettings = {
				ALWAYS_SEARCH_USER_PATHS = NO;
				CLANG_ANALYZER_NONNULL = YES;
				CLANG_ANALYZER_NUMBER_OBJECT_CONVERSION = YES_AGGRESSIVE;
				CLANG_CXX_LANGUAGE_STANDARD = "gnu++14";
				CLANG_CXX_LIBRARY = "libc++";
				CLANG_ENABLE_MODULES = YES;
				CLANG_ENABLE_OBJC_ARC = YES;
				CLANG_ENABLE_OBJC_WEAK = YES;
				CLANG_WARN_BLOCK_CAPTURE_AUTORELEASING = YES;
				CLANG_WARN_BOOL_CONVERSION = YES;
				CLANG_WARN_COMMA = YES;
				CLANG_WARN_CONSTANT_CONVERSION = YES;
				CLANG_WARN_DEPRECATED_OBJC_IMPLEMENTATIONS = YES;
				CLANG_WARN_DIRECT_OBJC_ISA_USAGE = YES_ERROR;
				CLANG_WARN_DOCUMENTATION_COMMENTS = YES;
				CLANG_WARN_EMPTY_BODY = YES;
				CLANG_WARN_ENUM_CONVERSION = YES;
				CLANG_WARN_INFINITE_RECURSION = YES;
				CLANG_WARN_INT_CONVERSION = YES;
				CLANG_WARN_NON_LITERAL_NULL_CONVERSION = YES;
				CLANG_WARN_OBJC_IMPLICIT_RETAIN_SELF = YES;
				CLANG_WARN_OBJC_LITERAL_CONVERSION = YES;
				CLANG_WARN_OBJC_ROOT_CLASS = YES_ERROR;
				CLANG_WARN_RANGE_LOOP_ANALYSIS = YES;
				CLANG_WARN_STRICT_PROTOTYPES = YES;
				CLANG_WARN_SUSPICIOUS_MOVE = YES;
				CLANG_WARN_UNGUARDED_AVAILABILITY = YES_AGGRESSIVE;
				CLANG_WARN_UNREACHABLE_CODE = YES;
				CLANG_WARN__DUPLICATE_METHOD_MATCH = YES;
				COPY_PHASE_STRIP = NO;
				DEBUG_INFORMATION_FORMAT = "dwarf-with-dsym";
				ENABLE_NS_ASSERTIONS = NO;
				ENABLE_STRICT_OBJC_MSGSEND = YES;
				GCC_C_LANGUAGE_STANDARD = gnu11;
				GCC_NO_COMMON_BLOCKS = YES;
				GCC_WARN_64_TO_32_BIT_CONVERSION = YES;
				GCC_WARN_ABOUT_RETURN_TYPE = YES_ERROR;
				GCC_WARN_UNDECLARED_SELECTOR = YES;
				GCC_WARN_UNINITIALIZED_AUTOS = YES_AGGRESSIVE;
				GCC_WARN_UNUSED_FUNCTION = YES;
				GCC_WARN_UNUSED_VARIABLE = YES;
				IPHONEOS_DEPLOYMENT_TARGET = 13.6;
				MTL_ENABLE_DEBUG_INFO = NO;
				MTL_FAST_MATH = YES;
				SDKROOT = iphoneos;
				SWIFT_COMPILATION_MODE = wholemodule;
				SWIFT_OPTIMIZATION_LEVEL = "-O";
				VALIDATE_PRODUCT = YES;
			};
			name = Release;
		};
		18AF0D2624D8E56900A8B36F /* Debug */ = {
			isa = XCBuildConfiguration;
			buildSettings = {
				ASSETCATALOG_COMPILER_APPICON_NAME = AppIcon;
				CODE_SIGN_STYLE = Automatic;
				DEVELOPMENT_ASSET_PATHS = "\"NewsReader/Preview Content\"";
				ENABLE_PREVIEWS = YES;
				INFOPLIST_FILE = NewsReader/Info.plist;
				LD_RUNPATH_SEARCH_PATHS = (
					"$(inherited)",
					"@executable_path/Frameworks",
				);
				PRODUCT_BUNDLE_IDENTIFIER = com.bartekci.NewsReader;
				PRODUCT_NAME = "$(TARGET_NAME)";
				SWIFT_VERSION = 5.0;
				TARGETED_DEVICE_FAMILY = "1,2";
			};
			name = Debug;
		};
		18AF0D2724D8E56900A8B36F /* Release */ = {
			isa = XCBuildConfiguration;
			buildSettings = {
				ASSETCATALOG_COMPILER_APPICON_NAME = AppIcon;
				CODE_SIGN_STYLE = Automatic;
				DEVELOPMENT_ASSET_PATHS = "\"NewsReader/Preview Content\"";
				ENABLE_PREVIEWS = YES;
				INFOPLIST_FILE = NewsReader/Info.plist;
				LD_RUNPATH_SEARCH_PATHS = (
					"$(inherited)",
					"@executable_path/Frameworks",
				);
				PRODUCT_BUNDLE_IDENTIFIER = com.bartekci.NewsReader;
				PRODUCT_NAME = "$(TARGET_NAME)";
				SWIFT_VERSION = 5.0;
				TARGETED_DEVICE_FAMILY = "1,2";
			};
			name = Release;
		};
		18AF0D2924D8E56900A8B36F /* Debug */ = {
			isa = XCBuildConfiguration;
			buildSettings = {
				ALWAYS_EMBED_SWIFT_STANDARD_LIBRARIES = YES;
				BUNDLE_LOADER = "$(TEST_HOST)";
				CODE_SIGN_STYLE = Automatic;
				INFOPLIST_FILE = NewsReaderTests/Info.plist;
				IPHONEOS_DEPLOYMENT_TARGET = 13.6;
				LD_RUNPATH_SEARCH_PATHS = (
					"$(inherited)",
					"@executable_path/Frameworks",
					"@loader_path/Frameworks",
				);
				PRODUCT_BUNDLE_IDENTIFIER = com.bartekci.NewsReaderTests;
				PRODUCT_NAME = "$(TARGET_NAME)";
				SWIFT_VERSION = 5.0;
				TARGETED_DEVICE_FAMILY = "1,2";
				TEST_HOST = "$(BUILT_PRODUCTS_DIR)/NewsReader.app/NewsReader";
			};
			name = Debug;
		};
		18AF0D2A24D8E56900A8B36F /* Release */ = {
			isa = XCBuildConfiguration;
			buildSettings = {
				ALWAYS_EMBED_SWIFT_STANDARD_LIBRARIES = YES;
				BUNDLE_LOADER = "$(TEST_HOST)";
				CODE_SIGN_STYLE = Automatic;
				INFOPLIST_FILE = NewsReaderTests/Info.plist;
				IPHONEOS_DEPLOYMENT_TARGET = 13.6;
				LD_RUNPATH_SEARCH_PATHS = (
					"$(inherited)",
					"@executable_path/Frameworks",
					"@loader_path/Frameworks",
				);
				PRODUCT_BUNDLE_IDENTIFIER = com.bartekci.NewsReaderTests;
				PRODUCT_NAME = "$(TARGET_NAME)";
				SWIFT_VERSION = 5.0;
				TARGETED_DEVICE_FAMILY = "1,2";
				TEST_HOST = "$(BUILT_PRODUCTS_DIR)/NewsReader.app/NewsReader";
			};
			name = Release;
		};
/* End XCBuildConfiguration section */

/* Begin XCConfigurationList section */
		18AF0CFE24D8E56600A8B36F /* Build configuration list for PBXProject "NewsReader" */ = {
			isa = XCConfigurationList;
			buildConfigurations = (
				18AF0D2324D8E56900A8B36F /* Debug */,
				18AF0D2424D8E56900A8B36F /* Release */,
			);
			defaultConfigurationIsVisible = 0;
			defaultConfigurationName = Release;
		};
		18AF0D2524D8E56900A8B36F /* Build configuration list for PBXNativeTarget "NewsReader" */ = {
			isa = XCConfigurationList;
			buildConfigurations = (
				18AF0D2624D8E56900A8B36F /* Debug */,
				18AF0D2724D8E56900A8B36F /* Release */,
			);
			defaultConfigurationIsVisible = 0;
			defaultConfigurationName = Release;
		};
		18AF0D2824D8E56900A8B36F /* Build configuration list for PBXNativeTarget "NewsReaderTests" */ = {
			isa = XCConfigurationList;
			buildConfigurations = (
				18AF0D2924D8E56900A8B36F /* Debug */,
				18AF0D2A24D8E56900A8B36F /* Release */,
			);
			defaultConfigurationIsVisible = 0;
			defaultConfigurationName = Release;
		};
/* End XCConfigurationList section */

/* Begin XCVersionGroup section */
		18AF0D0A24D8E56600A8B36F /* NewsReader.xcdatamodeld */ = {
			isa = XCVersionGroup;
			children = (
				18AF0D0B24D8E56600A8B36F /* NewsReader.xcdatamodel */,
			);
			currentVersion = 18AF0D0B24D8E56600A8B36F /* NewsReader.xcdatamodel */;
			path = NewsReader.xcdatamodeld;
			sourceTree = "<group>";
			versionGroupType = wrapper.xcdatamodel;
		};
/* End XCVersionGroup section */
	};
	rootObject = 18AF0CFB24D8E56600A8B36F /* Project object */;
}
